{
  "name": "metanavarra",
  "version": "1.0.0",
  "lockfileVersion": 2,
  "requires": true,
  "packages": {
    "": {
      "name": "metanavarra",
      "version": "1.0.0",
      "dependencies": {
        "@actions/core": "^1.8.0",
        "node-fetch": "^2.6.1",
        "tunnel": "^0.0.6",
        "twitter-api-v2": "^1.12.0"
      },
      "devDependencies": {
        "@vercel/ncc": "^0.33.4"
      }
    },
    "node_modules/@actions/core": {
      "version": "1.8.1",
      "resolved": "https://registry.npmjs.org/@actions/core/-/core-1.8.1.tgz",
      "integrity": "sha512-LuFg2O/+rRrYxrdafnqH9mx6ADszKzQAhDuEhhMQIh47tsXzWkW4wXY5zvscqJ4KDywyJX0LA0pAESPLUjZXvw==",
      "dependencies": {
        "@actions/http-client": "^2.0.0"
      }
    },
    "node_modules/@actions/http-client": {
      "version": "2.0.0",
      "resolved": "https://registry.npmjs.org/@actions/http-client/-/http-client-2.0.0.tgz",
      "integrity": "sha512-fm1+OPPey5ypgStT9K8zbBhICj4J4UV/TJIHDhuWlkb8KyJaAtjcZK184dTqul0dV0nPKX97FNtDXX20BTLXSA=="
    },
    "node_modules/@vercel/ncc": {
      "version": "0.33.4",
      "resolved": "https://registry.npmjs.org/@vercel/ncc/-/ncc-0.33.4.tgz",
      "integrity": "sha512-ln18hs7dMffelP47tpkaR+V5Tj6coykNyxJrlcmCormPqRQjB/Gv4cu2FfBG+PMzIfdZp2CLDsrrB1NPU22Qhg==",
      "dev": true,
      "bin": {
        "ncc": "dist/ncc/cli.js"
      }
    },
    "node_modules/node-fetch": {
      "version": "2.6.7",
      "resolved": "https://registry.npmjs.org/node-fetch/-/node-fetch-2.6.7.tgz",
      "integrity": "sha512-ZjMPFEfVx5j+y2yF35Kzx5sF7kDzxuDj6ziH4FFbOp87zKDZNx8yExJIb05OGF4Nlt9IHFIMBkRl41VdvcNdbQ==",
      "dependencies": {
        "whatwg-url": "^5.0.0"
      },
      "engines": {
        "node": "4.x || >=6.0.0"
      },
      "peerDependencies": {
        "encoding": "^0.1.0"
      },
      "peerDependenciesMeta": {
        "encoding": {
          "optional": true
        }
      }
    },
    "node_modules/tr46": {
      "version": "0.0.3",
      "resolved": "https://registry.npmjs.org/tr46/-/tr46-0.0.3.tgz",
      "integrity": "sha1-gYT9NH2snNwYWZLzpmIuFLnZq2o="
    },
    "node_modules/tunnel": {
      "version": "0.0.6",
      "resolved": "https://registry.npmjs.org/tunnel/-/tunnel-0.0.6.tgz",
      "integrity": "sha512-1h/Lnq9yajKY2PEbBadPXj3VxsDDu844OnaAo52UVmIzIvwwtBPIuNvkjuzBlTWpfJyUbG3ez0KSBibQkj4ojg==",
      "engines": {
        "node": ">=0.6.11 <=0.7.0 || >=0.7.3"
      }
    },
    "node_modules/twitter-api-v2": {
      "version": "1.12.0",
      "resolved": "https://registry.npmjs.org/twitter-api-v2/-/twitter-api-v2-1.12.0.tgz",
      "integrity": "sha512-8Fv+sUYY0P1gloiBSgG1w/NSuGUIP32lDKMPVzIMX3jd4zDhiJFtCft41fKs+JqcD8m7s+4vkMO/XwyY2+NULQ=="
    },
    "node_modules/webidl-conversions": {
      "version": "3.0.1",
      "resolved": "https://registry.npmjs.org/webidl-conversions/-/webidl-conversions-3.0.1.tgz",
      "integrity": "sha1-JFNCdeKnvGvnvIZhHMFq4KVlSHE="
    },
    "node_modules/whatwg-url": {
      "version": "5.0.0",
      "resolved": "https://registry.npmjs.org/whatwg-url/-/whatwg-url-5.0.0.tgz",
      "integrity": "sha1-lmRU6HZUYuN2RNNib2dCzotwll0=",
      "dependencies": {
        "tr46": "~0.0.3",
        "webidl-conversions": "^3.0.0"
      }
    }
  },
  "dependencies": {
    "@actions/core": {
      "version": "1.8.1",
      "resolved": "https://registry.npmjs.org/@actions/core/-/core-1.8.1.tgz",
      "integrity": "sha512-LuFg2O/+rRrYxrdafnqH9mx6ADszKzQAhDuEhhMQIh47tsXzWkW4wXY5zvscqJ4KDywyJX0LA0pAESPLUjZXvw==",
      "requires": {
        "@actions/http-client": "^2.0.0"
      }
    },
    "@actions/http-client": {
      "version": "2.0.0",
      "resolved": "https://registry.npmjs.org/@actions/http-client/-/http-client-2.0.0.tgz",
      "integrity": "sha512-fm1+OPPey5ypgStT9K8zbBhICj4J4UV/TJIHDhuWlkb8KyJaAtjcZK184dTqul0dV0nPKX97FNtDXX20BTLXSA=="
    },
    "@vercel/ncc": {
      "version": "0.33.4",
      "resolved": "https://registry.npmjs.org/@vercel/ncc/-/ncc-0.33.4.tgz",
      "integrity": "sha512-ln18hs7dMffelP47tpkaR+V5Tj6coykNyxJrlcmCormPqRQjB/Gv4cu2FfBG+PMzIfdZp2CLDsrrB1NPU22Qhg==",
      "dev": true
    },
    "node-fetch": {
      "version": "2.6.7",
      "resolved": "https://registry.npmjs.org/node-fetch/-/node-fetch-2.6.7.tgz",
      "integrity": "sha512-ZjMPFEfVx5j+y2yF35Kzx5sF7kDzxuDj6ziH4FFbOp87zKDZNx8yExJIb05OGF4Nlt9IHFIMBkRl41VdvcNdbQ==",
      "requires": {
        "whatwg-url": "^5.0.0"
      }
    },
    "tr46": {
      "version": "0.0.3",
      "resolved": "https://registry.npmjs.org/tr46/-/tr46-0.0.3.tgz",
      "integrity": "sha1-gYT9NH2snNwYWZLzpmIuFLnZq2o="
    },
    "tunnel": {
      "version": "0.0.6",
      "resolved": "https://registry.npmjs.org/tunnel/-/tunnel-0.0.6.tgz",
      "integrity": "sha512-1h/Lnq9yajKY2PEbBadPXj3VxsDDu844OnaAo52UVmIzIvwwtBPIuNvkjuzBlTWpfJyUbG3ez0KSBibQkj4ojg=="
    },
    "twitter-api-v2": {
      "version": "1.12.0",
      "resolved": "https://registry.npmjs.org/twitter-api-v2/-/twitter-api-v2-1.12.0.tgz",
      "integrity": "sha512-8Fv+sUYY0P1gloiBSgG1w/NSuGUIP32lDKMPVzIMX3jd4zDhiJFtCft41fKs+JqcD8m7s+4vkMO/XwyY2+NULQ=="
    },
    "webidl-conversions": {
      "version": "3.0.1",
      "resolved": "https://registry.npmjs.org/webidl-conversions/-/webidl-conversions-3.0.1.tgz",
      "integrity": "sha1-JFNCdeKnvGvnvIZhHMFq4KVlSHE="
    },
    "whatwg-url": {
      "version": "5.0.0",
      "resolved": "https://registry.npmjs.org/whatwg-url/-/whatwg-url-5.0.0.tgz",
      "integrity": "sha1-lmRU6HZUYuN2RNNib2dCzotwll0=",
      "requires": {
        "tr46": "~0.0.3",
        "webidl-conversions": "^3.0.0"
      }
    }
  }
}
